
Microsoft Visual Studio Solution File, Format Version 11.00
# Visual Studio 10
VisualStudioVersion = 10
MinimumVisualStudioVersion = 10.0.40219.1
Project("{FAE04EC0-301F-11D3-BF4B-00C04F79EFBC}") = "RemoteDestop", "RemoteDestop\RemoteDestop.csproj", "{F3BDA8D1-2EF1-45AF-99C7-E789E46A8E69}"
EndProject
Global
	GlobalSection(SolutionConfigurationPlatforms) = preSolution
		Debug|Any CPU = Debug|Any CPU
		Release|Any CPU = Release|Any CPU
	EndGlobalSection
	GlobalSection(ProjectConfigurationPlatforms) = postSolution
		{F3BDA8D1-2EF1-45AF-99C7-E789E46A8E69}.Debug|Any CPU.ActiveCfg = Debug|Any CPU
		{F3BDA8D1-2EF1-45AF-99C7-E789E46A8E69}.Debug|Any CPU.Build.0 = Debug|Any CPU
		{F3BDA8D1-2EF1-45AF-99C7-E789E46A8E69}.Release|Any CPU.ActiveCfg = Release|Any CPU
		{F3BDA8D1-2EF1-45AF-99C7-E789E46A8E69}.Release|Any CPU.Build.0 = Release|Any CPU
	EndGlobalSection
	GlobalSection(SolutionProperties) = preSolution
		HideSolutionNode = FALSE
	EndGlobalSection
	GlobalSection(ExtensibilityGlobals) = postSolution
		SolutionGuid = {BAE9DC52-F3B5-41CA-8EE5-2A74115E9BDA}
	EndGlobalSection
EndGlobal
